
Microsoft Visual Studio Solution File, Format Version 12.00
# Visual Studio Version 17
VisualStudioVersion = 17.13.35825.156
MinimumVisualStudioVersion = 10.0.40219.1
Project("{2150E333-8FDC-42A3-9474-1A3956D46DE8}") = "Chapte01", "Chapte01", "{DDB4EF12-CC4E-5E88-E6FC-71A802F4DE97}"
EndProject
Project("{FAE04EC0-301F-11D3-BF4B-00C04F79EFBC}") = "ProductSample", "Chapte01\ProductSample\ProductSample.csproj", "{B94E1906-2BF2-45B2-9EBB-4835EAB1829D}"
EndProject
Project("{2150E333-8FDC-42A3-9474-1A3956D46DE8}") = "Chapter02", "Chapter02", "{48880B47-AFAA-4790-84B1-F67AA9185B08}"
EndProject
Project("{FAE04EC0-301F-11D3-BF4B-00C04F79EFBC}") = "Exercise02", "Exercise02\Exercise02.csproj", "{A0048A89-4C44-4B90-BBDD-AE03ECC4C0B4}"
EndProject
Project("{2150E333-8FDC-42A3-9474-1A3956D46DE8}") = "演習問題", "演習問題", "{D901A5FF-5690-42BE-895D-6BCE4A825BDB}"
EndProject
Project("{FAE04EC0-301F-11D3-BF4B-00C04F79EFBC}") = "DistanceConverter", "DistanceConverter\DistanceConverter.csproj", "{FA673D3E-FAF3-45AF-AF0C-CF155680B447}"
EndProject
Project("{FAE04EC0-301F-11D3-BF4B-00C04F79EFBC}") = "Distanceyard", "Distanceyard\Distanceyard.csproj", "{C7CC1CDA-8E30-4DF7-8A5F-0CFDCEFD857E}"
EndProject
Project("{2150E333-8FDC-42A3-9474-1A3956D46DE8}") = "距離換算プログラム", "距離換算プログラム", "{90D7B944-B79C-411C-8287-3645D98846FF}"
EndProject
Project("{2150E333-8FDC-42A3-9474-1A3956D46DE8}") = "FormApps", "FormApps", "{ACDE89D7-C42E-4B98-94D1-DCB4F65CE61A}"
EndProject
Project("{FAE04EC0-301F-11D3-BF4B-00C04F79EFBC}") = "UnitConverter", "FormApps\UnitConverter\UnitConverter.csproj", "{927AC185-5B38-43EE-975F-EDD14B783A7B}"
EndProject
Project("{FAE04EC0-301F-11D3-BF4B-00C04F79EFBC}") = "stopWatch", "FormApps\stopWatch\stopWatch.csproj", "{9B6F5C8B-23D0-466E-96BA-A9282D4A1014}"
EndProject
Project("{2150E333-8FDC-42A3-9474-1A3956D46DE8}") = "売上集計プログラム", "売上集計プログラム", "{3C182785-FDC9-4CD5-B29B-38B0A8F4850F}"
EndProject
Project("{FAE04EC0-301F-11D3-BF4B-00C04F79EFBC}") = "SalesCalculator", "SalesCalculator\SalesCalculator.csproj", "{A7F27181-925D-44E7-AEB3-CB49CAFEC732}"
EndProject
Project("{FAE04EC0-301F-11D3-BF4B-00C04F79EFBC}") = "Exercise01", "FormApps\オブジェクト指向プログラミングⅠ\演習問題\Exercise01\Exercise01.csproj", "{EFC9C318-A375-4352-A057-B6A0FC9F47DE}"
EndProject
Project("{2150E333-8FDC-42A3-9474-1A3956D46DE8}") = "Chapter03", "Chapter03", "{30CAA5A6-3A90-4C85-BD5D-7CC8F46DC156}"
EndProject
Project("{FAE04EC0-301F-11D3-BF4B-00C04F79EFBC}") = "Section01", "Section01\Section01.csproj", "{E2FACCC1-EF58-41C7-AC84-A9BD96EE4B0C}"
EndProject
Project("{2150E333-8FDC-42A3-9474-1A3956D46DE8}") = "演習問題", "演習問題", "{F84C98D8-FFED-4922-BEC7-A8489A37E046}"
EndProject
Project("{FAE04EC0-301F-11D3-BF4B-00C04F79EFBC}") = "Count", "Excercise2\Count.csproj", "{D11B7E24-C6BE-4BCD-AA5A-071AB993A1D9}"
EndProject
Project("{FAE04EC0-301F-11D3-BF4B-00C04F79EFBC}") = "section04", "section04\section04.csproj", "{ADFE75A7-AB06-418E-A339-39FA831231E1}"
EndProject
Project("{FAE04EC0-301F-11D3-BF4B-00C04F79EFBC}") = "Excercise01", "Excercise01\Excercise01.csproj", "{CB425E40-CA44-42D4-A06F-426CB4C91A79}"
EndProject
Project("{2150E333-8FDC-42A3-9474-1A3956D46DE8}") = "Chapter04", "Chapter04", "{7F826649-FEEF-4F16-B701-1847C8019646}"
EndProject
Project("{FAE04EC0-301F-11D3-BF4B-00C04F79EFBC}") = "Section04", "Chapter04\Section04\Section04.csproj", "{3A95A141-AAD8-CCAB-6F75-1E63A7123829}"
EndProject
Project("{2150E333-8FDC-42A3-9474-1A3956D46DE8}") = "演習問題", "演習問題", "{D41B74BB-253A-42B7-9588-71A61DBC40FF}"
EndProject
Project("{FAE04EC0-301F-11D3-BF4B-00C04F79EFBC}") = "Exercise01", "Chapter04\演習問題\Exercise01\Exercise01.csproj", "{94DD345E-7CED-4741-C3E7-505B445CE161}"
EndProject
Project("{FAE04EC0-301F-11D3-BF4B-00C04F79EFBC}") = "Exercise02", "Chapter04\Exercise02\Exercise02.csproj", "{69B1E6A0-ACAF-9680-A0FB-37406C59D590}"
EndProject
Project("{2150E333-8FDC-42A3-9474-1A3956D46DE8}") = "LINQ", "LINQ", "{1EDD4260-DF97-47B4-B680-998A0CC8469F}"
EndProject
Project("{FAE04EC0-301F-11D3-BF4B-00C04F79EFBC}") = "Linqsample", "LINQ\Linqsample\Linqsample.csproj", "{A621E3A6-CF38-4DFB-9CEC-1892021CD787}"
EndProject
Project("{2150E333-8FDC-42A3-9474-1A3956D46DE8}") = "Chapter07", "Chapter07", "{0AEDD920-310C-474F-BB93-4A2B403DB660}"
EndProject
Project("{2150E333-8FDC-42A3-9474-1A3956D46DE8}") = "演習問題", "演習問題", "{A6A40D20-D02E-41C8-89D6-6B4773CC42E1}"
EndProject
Project("{FAE04EC0-301F-11D3-BF4B-00C04F79EFBC}") = "Exercise01", "Chapter07\Exercise01\Exercise01.csproj", "{CD43BF9B-849F-4327-8726-220EF6ED338B}"
EndProject
Project("{FAE04EC0-301F-11D3-BF4B-00C04F79EFBC}") = "Section01", "Chapter07\Section01\Section01.csproj", "{9B9856FF-D512-4F12-A56F-6D92DF65E3E3}"
EndProject
Project("{FAE04EC0-301F-11D3-BF4B-00C04F79EFBC}") = "Section05", "Chapter07\Section05\Section05.csproj", "{07937C91-EBA1-4115-9CA9-D7CE275AFCF1}"
EndProject
Project("{FAE04EC0-301F-11D3-BF4B-00C04F79EFBC}") = "Excesice02", "Chapter07\Excesice02\Excesice02.csproj", "{5A2FF906-F518-461D-9321-D12C8CC953CF}"
EndProject
Project("{2150E333-8FDC-42A3-9474-1A3956D46DE8}") = "Chapter06", "Chapter06", "{C64AE217-F0AD-414A-A451-E946F219F4F5}"
EndProject
Project("{FAE04EC0-301F-11D3-BF4B-00C04F79EFBC}") = "Section01", "Chapter06\Section01\Section01.csproj", "{A67AFD07-2CDD-4295-8C7B-C739A3239344}"
EndProject
Project("{FAE04EC0-301F-11D3-BF4B-00C04F79EFBC}") = "Exercise01", "Chapter06\Exersice01\Exercise01.csproj", "{C1B18DEB-FBE1-4BA6-8F0B-F83A31D24D36}"
EndProject
Project("{FAE04EC0-301F-11D3-BF4B-00C04F79EFBC}") = "Exercise03", "Chapter06\Exercise03\Exercise03.csproj", "{2283BBE5-50CA-455C-90C9-47E6422684B4}"
EndProject
Project("{FAE04EC0-301F-11D3-BF4B-00C04F79EFBC}") = "Exercise02", "Chapter06\Exercise02\Exercise02.csproj", "{97E11AE1-2F8A-1765-FF76-AFC870CD2EA5}"
EndProject
Project("{2150E333-8FDC-42A3-9474-1A3956D46DE8}") = "演習問題", "演習問題", "{5CBC76F8-2462-4184-A64F-D6C93280A138}"
EndProject
Project("{FAE04EC0-301F-11D3-BF4B-00C04F79EFBC}") = "Exercise04", "Chapter06\Exercise04\Exercise04.csproj", "{C96A0C10-75FA-A22C-CA54-9F82722BD9B6}"
EndProject
Project("{FAE04EC0-301F-11D3-BF4B-00C04F79EFBC}") = "Section03", "Section03\Section03.csproj", "{D9E37B21-0603-4885-A1BB-CDC4AAE532EB}"
EndProject
Project("{2150E333-8FDC-42A3-9474-1A3956D46DE8}") = "Chapter05", "Chapter05", "{FE58A769-BFE7-4668-B9F5-42078638990B}"
EndProject
Project("{2150E333-8FDC-42A3-9474-1A3956D46DE8}") = "演習問題", "演習問題", "{46CAD465-9F76-4CB4-A67C-44F861868E01}"
EndProject
Project("{FAE04EC0-301F-11D3-BF4B-00C04F79EFBC}") = "Section02", "Chapter05\Section02\Section02.csproj", "{A68DDBCF-8204-44BE-88E0-E3FF7E495ED4}"
EndProject
Project("{FAE04EC0-301F-11D3-BF4B-00C04F79EFBC}") = "Exercise02", "Chapter05\Exercise02\Exercise02.csproj", "{574FDB17-E47C-4952-A099-AE660C30F098}"
EndProject
Project("{FAE04EC0-301F-11D3-BF4B-00C04F79EFBC}") = "Section01", "Chapter05\Section01\Section01.csproj", "{412933E6-1A4E-3899-7481-B7034D872086}"
EndProject
Project("{FAE04EC0-301F-11D3-BF4B-00C04F79EFBC}") = "Exercise01", "Chapter05\Exercise01\Exercise01.csproj", "{CABC9D56-5207-46D0-5C38-20C47A14E6AA}"
EndProject
Project("{2150E333-8FDC-42A3-9474-1A3956D46DE8}") = "Chapter08", "Chapter08", "{FA6830E2-1D29-4D1C-B723-AD0DA8198C70}"
EndProject
Project("{2150E333-8FDC-42A3-9474-1A3956D46DE8}") = "演習問題", "演習問題", "{D8118341-C935-4D50-8260-971A0D24333E}"
EndProject
Project("{FAE04EC0-301F-11D3-BF4B-00C04F79EFBC}") = "ディクショナリ", "Chapter08\演習問題\Exersice01\ディクショナリ.csproj", "{0D33AA42-AC75-41BA-9294-C49EE39D5E3D}"
EndProject
Project("{FAE04EC0-301F-11D3-BF4B-00C04F79EFBC}") = "PrefCapitalLocationSystem", "Chapter08\PrefCapitalLocationSystem\PrefCapitalLocationSystem.csproj", "{BA3B5C5E-D6A4-39ED-6760-036CDB62E249}"
EndProject
Project("{FAE04EC0-301F-11D3-BF4B-00C04F79EFBC}") = "Section03", "Chapter08\Section03\Section03.csproj", "{7C06D570-5236-67C0-200D-EFEA42F6ED6E}"
EndProject
Project("{FAE04EC0-301F-11D3-BF4B-00C04F79EFBC}") = "LINQの例", "LINQ\LINQの例\LINQの例.csproj", "{12676A5A-E539-4054-8AEF-1D7AC2607576}"
EndProject
Project("{2150E333-8FDC-42A3-9474-1A3956D46DE8}") = "Test01", "Test01", "{833F10EA-47C8-4148-AD8D-AB11BB227C80}"
EndProject
Project("{FAE04EC0-301F-11D3-BF4B-00C04F79EFBC}") = "Test01", "Test01\Test01\Test01\Test01.csproj", "{0F5BD2D2-D0F6-C8A2-92FD-29EF52202AB6}"
EndProject
Project("{FAE04EC0-301F-11D3-BF4B-00C04F79EFBC}") = "Test02", "Test01\Test01\Test02\Test02.csproj", "{26C18496-B233-C67F-296D-DB97569CF105}"
EndProject
Project("{2150E333-8FDC-42A3-9474-1A3956D46DE8}") = "Chapter09", "Chapter09", "{A86C5341-F4CF-4811-A62B-C2563ECDCA89}"
EndProject
Project("{FAE04EC0-301F-11D3-BF4B-00C04F79EFBC}") = "section01", "Chapter09\section01\section01.csproj", "{9934B405-3A6C-4A76-8C6F-E365E469EB90}"
EndProject
Project("{FAE04EC0-301F-11D3-BF4B-00C04F79EFBC}") = "Exercise01", "Chapter09\Exercise01\Exercise01.csproj", "{1404946A-58EC-FE66-01C5-AE91EC6EB2C0}"
EndProject
Project("{FAE04EC0-301F-11D3-BF4B-00C04F79EFBC}") = "Exercise02", "Chapter09\Exercise02\Exercise02.csproj", "{3632286B-6BCA-907F-0643-B359700E678F}"
EndProject
Project("{FAE04EC0-301F-11D3-BF4B-00C04F79EFBC}") = "Exercise03", "Chapter09\Exercise03\Exercise03.csproj", "{75BAEA95-B42C-E145-44F2-4234294941EA}"
EndProject
Project("{FAE04EC0-301F-11D3-BF4B-00C04F79EFBC}") = "CarReportSystem", "FormApps\CarReportSystem\CarReportSystem.csproj", "{0B48C449-0B35-182D-2B8C-BFE6C8DF0359}"
EndProject
Project("{2150E333-8FDC-42A3-9474-1A3956D46DE8}") = "Chapter12", "Chapter12", "{C8B48A3D-9648-47C4-BA88-DB86BA04B7FD}"
EndProject
Project("{FAE04EC0-301F-11D3-BF4B-00C04F79EFBC}") = "Section01", "Chapter12\Section01\Section01.csproj", "{526A7E62-4E79-4F9A-B37A-FF8BCEB0DAB6}"
EndProject
Project("{2150E333-8FDC-42A3-9474-1A3956D46DE8}") = "演習問題", "演習問題", "{A8011415-3EDE-41FF-8CC0-73FFFF7389D8}"
EndProject
Project("{FAE04EC0-301F-11D3-BF4B-00C04F79EFBC}") = "EXcersice01", "Chapter12\演習問題\EXcersice01\EXcersice01.csproj", "{05513CAB-6EE4-4C2A-BAA3-4178D5246937}"
EndProject
Project("{FAE04EC0-301F-11D3-BF4B-00C04F79EFBC}") = "Exercise02", "Chapter12\演習問題\Exercise02\Exercise02.csproj", "{F01C3B69-9D05-4BEF-26EB-57BAD926097B}"
EndProject
Project("{FAE04EC0-301F-11D3-BF4B-00C04F79EFBC}") = "Exercise03", "Chapter12\演習問題\Exercise03\Exercise03.csproj", "{414DFFD5-4A0F-DD91-933A-D9585859A325}"
EndProject
Global
	GlobalSection(SolutionConfigurationPlatforms) = preSolution
		Debug|Any CPU = Debug|Any CPU
		Release|Any CPU = Release|Any CPU
	EndGlobalSection
	GlobalSection(ProjectConfigurationPlatforms) = postSolution
		{B94E1906-2BF2-45B2-9EBB-4835EAB1829D}.Debug|Any CPU.ActiveCfg = Debug|Any CPU
		{B94E1906-2BF2-45B2-9EBB-4835EAB1829D}.Debug|Any CPU.Build.0 = Debug|Any CPU
		{B94E1906-2BF2-45B2-9EBB-4835EAB1829D}.Release|Any CPU.ActiveCfg = Release|Any CPU
		{B94E1906-2BF2-45B2-9EBB-4835EAB1829D}.Release|Any CPU.Build.0 = Release|Any CPU
		{A0048A89-4C44-4B90-BBDD-AE03ECC4C0B4}.Debug|Any CPU.ActiveCfg = Debug|Any CPU
		{A0048A89-4C44-4B90-BBDD-AE03ECC4C0B4}.Debug|Any CPU.Build.0 = Debug|Any CPU
		{A0048A89-4C44-4B90-BBDD-AE03ECC4C0B4}.Release|Any CPU.ActiveCfg = Release|Any CPU
		{A0048A89-4C44-4B90-BBDD-AE03ECC4C0B4}.Release|Any CPU.Build.0 = Release|Any CPU
		{FA673D3E-FAF3-45AF-AF0C-CF155680B447}.Debug|Any CPU.ActiveCfg = Debug|Any CPU
		{FA673D3E-FAF3-45AF-AF0C-CF155680B447}.Debug|Any CPU.Build.0 = Debug|Any CPU
		{FA673D3E-FAF3-45AF-AF0C-CF155680B447}.Release|Any CPU.ActiveCfg = Release|Any CPU
		{FA673D3E-FAF3-45AF-AF0C-CF155680B447}.Release|Any CPU.Build.0 = Release|Any CPU
		{C7CC1CDA-8E30-4DF7-8A5F-0CFDCEFD857E}.Debug|Any CPU.ActiveCfg = Debug|Any CPU
		{C7CC1CDA-8E30-4DF7-8A5F-0CFDCEFD857E}.Debug|Any CPU.Build.0 = Debug|Any CPU
		{C7CC1CDA-8E30-4DF7-8A5F-0CFDCEFD857E}.Release|Any CPU.ActiveCfg = Release|Any CPU
		{C7CC1CDA-8E30-4DF7-8A5F-0CFDCEFD857E}.Release|Any CPU.Build.0 = Release|Any CPU
		{927AC185-5B38-43EE-975F-EDD14B783A7B}.Debug|Any CPU.ActiveCfg = Debug|Any CPU
		{927AC185-5B38-43EE-975F-EDD14B783A7B}.Debug|Any CPU.Build.0 = Debug|Any CPU
		{927AC185-5B38-43EE-975F-EDD14B783A7B}.Release|Any CPU.ActiveCfg = Release|Any CPU
		{927AC185-5B38-43EE-975F-EDD14B783A7B}.Release|Any CPU.Build.0 = Release|Any CPU
		{9B6F5C8B-23D0-466E-96BA-A9282D4A1014}.Debug|Any CPU.ActiveCfg = Debug|Any CPU
		{9B6F5C8B-23D0-466E-96BA-A9282D4A1014}.Debug|Any CPU.Build.0 = Debug|Any CPU
		{9B6F5C8B-23D0-466E-96BA-A9282D4A1014}.Release|Any CPU.ActiveCfg = Release|Any CPU
		{9B6F5C8B-23D0-466E-96BA-A9282D4A1014}.Release|Any CPU.Build.0 = Release|Any CPU
		{A7F27181-925D-44E7-AEB3-CB49CAFEC732}.Debug|Any CPU.ActiveCfg = Debug|Any CPU
		{A7F27181-925D-44E7-AEB3-CB49CAFEC732}.Debug|Any CPU.Build.0 = Debug|Any CPU
		{A7F27181-925D-44E7-AEB3-CB49CAFEC732}.Release|Any CPU.ActiveCfg = Release|Any CPU
		{A7F27181-925D-44E7-AEB3-CB49CAFEC732}.Release|Any CPU.Build.0 = Release|Any CPU
		{EFC9C318-A375-4352-A057-B6A0FC9F47DE}.Debug|Any CPU.ActiveCfg = Debug|Any CPU
		{EFC9C318-A375-4352-A057-B6A0FC9F47DE}.Debug|Any CPU.Build.0 = Debug|Any CPU
		{EFC9C318-A375-4352-A057-B6A0FC9F47DE}.Release|Any CPU.ActiveCfg = Release|Any CPU
		{EFC9C318-A375-4352-A057-B6A0FC9F47DE}.Release|Any CPU.Build.0 = Release|Any CPU
		{E2FACCC1-EF58-41C7-AC84-A9BD96EE4B0C}.Debug|Any CPU.ActiveCfg = Debug|Any CPU
		{E2FACCC1-EF58-41C7-AC84-A9BD96EE4B0C}.Debug|Any CPU.Build.0 = Debug|Any CPU
		{E2FACCC1-EF58-41C7-AC84-A9BD96EE4B0C}.Release|Any CPU.ActiveCfg = Release|Any CPU
		{E2FACCC1-EF58-41C7-AC84-A9BD96EE4B0C}.Release|Any CPU.Build.0 = Release|Any CPU
		{D11B7E24-C6BE-4BCD-AA5A-071AB993A1D9}.Debug|Any CPU.ActiveCfg = Debug|Any CPU
		{D11B7E24-C6BE-4BCD-AA5A-071AB993A1D9}.Debug|Any CPU.Build.0 = Debug|Any CPU
		{D11B7E24-C6BE-4BCD-AA5A-071AB993A1D9}.Release|Any CPU.ActiveCfg = Release|Any CPU
		{D11B7E24-C6BE-4BCD-AA5A-071AB993A1D9}.Release|Any CPU.Build.0 = Release|Any CPU
		{ADFE75A7-AB06-418E-A339-39FA831231E1}.Debug|Any CPU.ActiveCfg = Debug|Any CPU
		{ADFE75A7-AB06-418E-A339-39FA831231E1}.Debug|Any CPU.Build.0 = Debug|Any CPU
		{ADFE75A7-AB06-418E-A339-39FA831231E1}.Release|Any CPU.ActiveCfg = Release|Any CPU
		{ADFE75A7-AB06-418E-A339-39FA831231E1}.Release|Any CPU.Build.0 = Release|Any CPU
		{CB425E40-CA44-42D4-A06F-426CB4C91A79}.Debug|Any CPU.ActiveCfg = Debug|Any CPU
		{CB425E40-CA44-42D4-A06F-426CB4C91A79}.Debug|Any CPU.Build.0 = Debug|Any CPU
		{CB425E40-CA44-42D4-A06F-426CB4C91A79}.Release|Any CPU.ActiveCfg = Release|Any CPU
		{CB425E40-CA44-42D4-A06F-426CB4C91A79}.Release|Any CPU.Build.0 = Release|Any CPU
		{3A95A141-AAD8-CCAB-6F75-1E63A7123829}.Debug|Any CPU.ActiveCfg = Debug|Any CPU
		{3A95A141-AAD8-CCAB-6F75-1E63A7123829}.Debug|Any CPU.Build.0 = Debug|Any CPU
		{3A95A141-AAD8-CCAB-6F75-1E63A7123829}.Release|Any CPU.ActiveCfg = Release|Any CPU
		{3A95A141-AAD8-CCAB-6F75-1E63A7123829}.Release|Any CPU.Build.0 = Release|Any CPU
		{94DD345E-7CED-4741-C3E7-505B445CE161}.Debug|Any CPU.ActiveCfg = Debug|Any CPU
		{94DD345E-7CED-4741-C3E7-505B445CE161}.Debug|Any CPU.Build.0 = Debug|Any CPU
		{94DD345E-7CED-4741-C3E7-505B445CE161}.Release|Any CPU.ActiveCfg = Release|Any CPU
		{94DD345E-7CED-4741-C3E7-505B445CE161}.Release|Any CPU.Build.0 = Release|Any CPU
		{69B1E6A0-ACAF-9680-A0FB-37406C59D590}.Debug|Any CPU.ActiveCfg = Debug|Any CPU
		{69B1E6A0-ACAF-9680-A0FB-37406C59D590}.Debug|Any CPU.Build.0 = Debug|Any CPU
		{69B1E6A0-ACAF-9680-A0FB-37406C59D590}.Release|Any CPU.ActiveCfg = Release|Any CPU
		{69B1E6A0-ACAF-9680-A0FB-37406C59D590}.Release|Any CPU.Build.0 = Release|Any CPU
		{A621E3A6-CF38-4DFB-9CEC-1892021CD787}.Debug|Any CPU.ActiveCfg = Debug|Any CPU
		{A621E3A6-CF38-4DFB-9CEC-1892021CD787}.Debug|Any CPU.Build.0 = Debug|Any CPU
		{A621E3A6-CF38-4DFB-9CEC-1892021CD787}.Release|Any CPU.ActiveCfg = Release|Any CPU
		{A621E3A6-CF38-4DFB-9CEC-1892021CD787}.Release|Any CPU.Build.0 = Release|Any CPU
		{CD43BF9B-849F-4327-8726-220EF6ED338B}.Debug|Any CPU.ActiveCfg = Debug|Any CPU
		{CD43BF9B-849F-4327-8726-220EF6ED338B}.Debug|Any CPU.Build.0 = Debug|Any CPU
		{CD43BF9B-849F-4327-8726-220EF6ED338B}.Release|Any CPU.ActiveCfg = Release|Any CPU
		{CD43BF9B-849F-4327-8726-220EF6ED338B}.Release|Any CPU.Build.0 = Release|Any CPU
		{9B9856FF-D512-4F12-A56F-6D92DF65E3E3}.Debug|Any CPU.ActiveCfg = Debug|Any CPU
		{9B9856FF-D512-4F12-A56F-6D92DF65E3E3}.Debug|Any CPU.Build.0 = Debug|Any CPU
		{9B9856FF-D512-4F12-A56F-6D92DF65E3E3}.Release|Any CPU.ActiveCfg = Release|Any CPU
		{9B9856FF-D512-4F12-A56F-6D92DF65E3E3}.Release|Any CPU.Build.0 = Release|Any CPU
		{07937C91-EBA1-4115-9CA9-D7CE275AFCF1}.Debug|Any CPU.ActiveCfg = Debug|Any CPU
		{07937C91-EBA1-4115-9CA9-D7CE275AFCF1}.Debug|Any CPU.Build.0 = Debug|Any CPU
		{07937C91-EBA1-4115-9CA9-D7CE275AFCF1}.Release|Any CPU.ActiveCfg = Release|Any CPU
		{07937C91-EBA1-4115-9CA9-D7CE275AFCF1}.Release|Any CPU.Build.0 = Release|Any CPU
		{5A2FF906-F518-461D-9321-D12C8CC953CF}.Debug|Any CPU.ActiveCfg = Debug|Any CPU
		{5A2FF906-F518-461D-9321-D12C8CC953CF}.Debug|Any CPU.Build.0 = Debug|Any CPU
		{5A2FF906-F518-461D-9321-D12C8CC953CF}.Release|Any CPU.ActiveCfg = Release|Any CPU
		{5A2FF906-F518-461D-9321-D12C8CC953CF}.Release|Any CPU.Build.0 = Release|Any CPU
		{A67AFD07-2CDD-4295-8C7B-C739A3239344}.Debug|Any CPU.ActiveCfg = Debug|Any CPU
		{A67AFD07-2CDD-4295-8C7B-C739A3239344}.Debug|Any CPU.Build.0 = Debug|Any CPU
		{A67AFD07-2CDD-4295-8C7B-C739A3239344}.Release|Any CPU.ActiveCfg = Release|Any CPU
		{A67AFD07-2CDD-4295-8C7B-C739A3239344}.Release|Any CPU.Build.0 = Release|Any CPU
		{C1B18DEB-FBE1-4BA6-8F0B-F83A31D24D36}.Debug|Any CPU.ActiveCfg = Debug|Any CPU
		{C1B18DEB-FBE1-4BA6-8F0B-F83A31D24D36}.Debug|Any CPU.Build.0 = Debug|Any CPU
		{C1B18DEB-FBE1-4BA6-8F0B-F83A31D24D36}.Release|Any CPU.ActiveCfg = Release|Any CPU
		{C1B18DEB-FBE1-4BA6-8F0B-F83A31D24D36}.Release|Any CPU.Build.0 = Release|Any CPU
		{2283BBE5-50CA-455C-90C9-47E6422684B4}.Debug|Any CPU.ActiveCfg = Debug|Any CPU
		{2283BBE5-50CA-455C-90C9-47E6422684B4}.Debug|Any CPU.Build.0 = Debug|Any CPU
		{2283BBE5-50CA-455C-90C9-47E6422684B4}.Release|Any CPU.ActiveCfg = Release|Any CPU
		{2283BBE5-50CA-455C-90C9-47E6422684B4}.Release|Any CPU.Build.0 = Release|Any CPU
		{97E11AE1-2F8A-1765-FF76-AFC870CD2EA5}.Debug|Any CPU.ActiveCfg = Debug|Any CPU
		{97E11AE1-2F8A-1765-FF76-AFC870CD2EA5}.Debug|Any CPU.Build.0 = Debug|Any CPU
		{97E11AE1-2F8A-1765-FF76-AFC870CD2EA5}.Release|Any CPU.ActiveCfg = Release|Any CPU
		{97E11AE1-2F8A-1765-FF76-AFC870CD2EA5}.Release|Any CPU.Build.0 = Release|Any CPU
		{C96A0C10-75FA-A22C-CA54-9F82722BD9B6}.Debug|Any CPU.ActiveCfg = Debug|Any CPU
		{C96A0C10-75FA-A22C-CA54-9F82722BD9B6}.Debug|Any CPU.Build.0 = Debug|Any CPU
		{C96A0C10-75FA-A22C-CA54-9F82722BD9B6}.Release|Any CPU.ActiveCfg = Release|Any CPU
		{C96A0C10-75FA-A22C-CA54-9F82722BD9B6}.Release|Any CPU.Build.0 = Release|Any CPU
		{D9E37B21-0603-4885-A1BB-CDC4AAE532EB}.Debug|Any CPU.ActiveCfg = Debug|Any CPU
		{D9E37B21-0603-4885-A1BB-CDC4AAE532EB}.Debug|Any CPU.Build.0 = Debug|Any CPU
		{D9E37B21-0603-4885-A1BB-CDC4AAE532EB}.Release|Any CPU.ActiveCfg = Release|Any CPU
		{D9E37B21-0603-4885-A1BB-CDC4AAE532EB}.Release|Any CPU.Build.0 = Release|Any CPU
		{A68DDBCF-8204-44BE-88E0-E3FF7E495ED4}.Debug|Any CPU.ActiveCfg = Debug|Any CPU
		{A68DDBCF-8204-44BE-88E0-E3FF7E495ED4}.Debug|Any CPU.Build.0 = Debug|Any CPU
		{A68DDBCF-8204-44BE-88E0-E3FF7E495ED4}.Release|Any CPU.ActiveCfg = Release|Any CPU
		{A68DDBCF-8204-44BE-88E0-E3FF7E495ED4}.Release|Any CPU.Build.0 = Release|Any CPU
		{574FDB17-E47C-4952-A099-AE660C30F098}.Debug|Any CPU.ActiveCfg = Debug|Any CPU
		{574FDB17-E47C-4952-A099-AE660C30F098}.Debug|Any CPU.Build.0 = Debug|Any CPU
		{574FDB17-E47C-4952-A099-AE660C30F098}.Release|Any CPU.ActiveCfg = Release|Any CPU
		{574FDB17-E47C-4952-A099-AE660C30F098}.Release|Any CPU.Build.0 = Release|Any CPU
		{412933E6-1A4E-3899-7481-B7034D872086}.Debug|Any CPU.ActiveCfg = Debug|Any CPU
		{412933E6-1A4E-3899-7481-B7034D872086}.Debug|Any CPU.Build.0 = Debug|Any CPU
		{412933E6-1A4E-3899-7481-B7034D872086}.Release|Any CPU.ActiveCfg = Release|Any CPU
		{412933E6-1A4E-3899-7481-B7034D872086}.Release|Any CPU.Build.0 = Release|Any CPU
		{CABC9D56-5207-46D0-5C38-20C47A14E6AA}.Debug|Any CPU.ActiveCfg = Debug|Any CPU
		{CABC9D56-5207-46D0-5C38-20C47A14E6AA}.Debug|Any CPU.Build.0 = Debug|Any CPU
		{CABC9D56-5207-46D0-5C38-20C47A14E6AA}.Release|Any CPU.ActiveCfg = Release|Any CPU
		{CABC9D56-5207-46D0-5C38-20C47A14E6AA}.Release|Any CPU.Build.0 = Release|Any CPU
		{0D33AA42-AC75-41BA-9294-C49EE39D5E3D}.Debug|Any CPU.ActiveCfg = Debug|Any CPU
		{0D33AA42-AC75-41BA-9294-C49EE39D5E3D}.Debug|Any CPU.Build.0 = Debug|Any CPU
		{0D33AA42-AC75-41BA-9294-C49EE39D5E3D}.Release|Any CPU.ActiveCfg = Release|Any CPU
		{0D33AA42-AC75-41BA-9294-C49EE39D5E3D}.Release|Any CPU.Build.0 = Release|Any CPU
		{BA3B5C5E-D6A4-39ED-6760-036CDB62E249}.Debug|Any CPU.ActiveCfg = Debug|Any CPU
		{BA3B5C5E-D6A4-39ED-6760-036CDB62E249}.Debug|Any CPU.Build.0 = Debug|Any CPU
		{BA3B5C5E-D6A4-39ED-6760-036CDB62E249}.Release|Any CPU.ActiveCfg = Release|Any CPU
		{BA3B5C5E-D6A4-39ED-6760-036CDB62E249}.Release|Any CPU.Build.0 = Release|Any CPU
		{7C06D570-5236-67C0-200D-EFEA42F6ED6E}.Debug|Any CPU.ActiveCfg = Debug|Any CPU
		{7C06D570-5236-67C0-200D-EFEA42F6ED6E}.Debug|Any CPU.Build.0 = Debug|Any CPU
		{7C06D570-5236-67C0-200D-EFEA42F6ED6E}.Release|Any CPU.ActiveCfg = Release|Any CPU
		{7C06D570-5236-67C0-200D-EFEA42F6ED6E}.Release|Any CPU.Build.0 = Release|Any CPU
		{12676A5A-E539-4054-8AEF-1D7AC2607576}.Debug|Any CPU.ActiveCfg = Debug|Any CPU
		{12676A5A-E539-4054-8AEF-1D7AC2607576}.Debug|Any CPU.Build.0 = Debug|Any CPU
		{12676A5A-E539-4054-8AEF-1D7AC2607576}.Release|Any CPU.ActiveCfg = Release|Any CPU
		{12676A5A-E539-4054-8AEF-1D7AC2607576}.Release|Any CPU.Build.0 = Release|Any CPU
		{0F5BD2D2-D0F6-C8A2-92FD-29EF52202AB6}.Debug|Any CPU.ActiveCfg = Debug|Any CPU
		{0F5BD2D2-D0F6-C8A2-92FD-29EF52202AB6}.Debug|Any CPU.Build.0 = Debug|Any CPU
		{0F5BD2D2-D0F6-C8A2-92FD-29EF52202AB6}.Release|Any CPU.ActiveCfg = Release|Any CPU
		{0F5BD2D2-D0F6-C8A2-92FD-29EF52202AB6}.Release|Any CPU.Build.0 = Release|Any CPU
		{26C18496-B233-C67F-296D-DB97569CF105}.Debug|Any CPU.ActiveCfg = Debug|Any CPU
		{26C18496-B233-C67F-296D-DB97569CF105}.Debug|Any CPU.Build.0 = Debug|Any CPU
		{26C18496-B233-C67F-296D-DB97569CF105}.Release|Any CPU.ActiveCfg = Release|Any CPU
		{26C18496-B233-C67F-296D-DB97569CF105}.Release|Any CPU.Build.0 = Release|Any CPU
		{9934B405-3A6C-4A76-8C6F-E365E469EB90}.Debug|Any CPU.ActiveCfg = Debug|Any CPU
		{9934B405-3A6C-4A76-8C6F-E365E469EB90}.Debug|Any CPU.Build.0 = Debug|Any CPU
		{9934B405-3A6C-4A76-8C6F-E365E469EB90}.Release|Any CPU.ActiveCfg = Release|Any CPU
		{9934B405-3A6C-4A76-8C6F-E365E469EB90}.Release|Any CPU.Build.0 = Release|Any CPU
		{1404946A-58EC-FE66-01C5-AE91EC6EB2C0}.Debug|Any CPU.ActiveCfg = Debug|Any CPU
		{1404946A-58EC-FE66-01C5-AE91EC6EB2C0}.Debug|Any CPU.Build.0 = Debug|Any CPU
		{1404946A-58EC-FE66-01C5-AE91EC6EB2C0}.Release|Any CPU.ActiveCfg = Release|Any CPU
		{1404946A-58EC-FE66-01C5-AE91EC6EB2C0}.Release|Any CPU.Build.0 = Release|Any CPU
		{3632286B-6BCA-907F-0643-B359700E678F}.Debug|Any CPU.ActiveCfg = Debug|Any CPU
		{3632286B-6BCA-907F-0643-B359700E678F}.Debug|Any CPU.Build.0 = Debug|Any CPU
		{3632286B-6BCA-907F-0643-B359700E678F}.Release|Any CPU.ActiveCfg = Release|Any CPU
		{3632286B-6BCA-907F-0643-B359700E678F}.Release|Any CPU.Build.0 = Release|Any CPU
		{75BAEA95-B42C-E145-44F2-4234294941EA}.Debug|Any CPU.ActiveCfg = Debug|Any CPU
		{75BAEA95-B42C-E145-44F2-4234294941EA}.Debug|Any CPU.Build.0 = Debug|Any CPU
		{75BAEA95-B42C-E145-44F2-4234294941EA}.Release|Any CPU.ActiveCfg = Release|Any CPU
		{75BAEA95-B42C-E145-44F2-4234294941EA}.Release|Any CPU.Build.0 = Release|Any CPU
		{0B48C449-0B35-182D-2B8C-BFE6C8DF0359}.Debug|Any CPU.ActiveCfg = Debug|Any CPU
		{0B48C449-0B35-182D-2B8C-BFE6C8DF0359}.Debug|Any CPU.Build.0 = Debug|Any CPU
		{0B48C449-0B35-182D-2B8C-BFE6C8DF0359}.Release|Any CPU.ActiveCfg = Release|Any CPU
		{0B48C449-0B35-182D-2B8C-BFE6C8DF0359}.Release|Any CPU.Build.0 = Release|Any CPU
		{526A7E62-4E79-4F9A-B37A-FF8BCEB0DAB6}.Debug|Any CPU.ActiveCfg = Debug|Any CPU
		{526A7E62-4E79-4F9A-B37A-FF8BCEB0DAB6}.Debug|Any CPU.Build.0 = Debug|Any CPU
		{526A7E62-4E79-4F9A-B37A-FF8BCEB0DAB6}.Release|Any CPU.ActiveCfg = Release|Any CPU
		{526A7E62-4E79-4F9A-B37A-FF8BCEB0DAB6}.Release|Any CPU.Build.0 = Release|Any CPU
		{05513CAB-6EE4-4C2A-BAA3-4178D5246937}.Debug|Any CPU.ActiveCfg = Debug|Any CPU
		{05513CAB-6EE4-4C2A-BAA3-4178D5246937}.Debug|Any CPU.Build.0 = Debug|Any CPU
		{05513CAB-6EE4-4C2A-BAA3-4178D5246937}.Release|Any CPU.ActiveCfg = Release|Any CPU
		{05513CAB-6EE4-4C2A-BAA3-4178D5246937}.Release|Any CPU.Build.0 = Release|Any CPU
		{F01C3B69-9D05-4BEF-26EB-57BAD926097B}.Debug|Any CPU.ActiveCfg = Debug|Any CPU
		{F01C3B69-9D05-4BEF-26EB-57BAD926097B}.Debug|Any CPU.Build.0 = Debug|Any CPU
		{F01C3B69-9D05-4BEF-26EB-57BAD926097B}.Release|Any CPU.ActiveCfg = Release|Any CPU
		{F01C3B69-9D05-4BEF-26EB-57BAD926097B}.Release|Any CPU.Build.0 = Release|Any CPU
		{414DFFD5-4A0F-DD91-933A-D9585859A325}.Debug|Any CPU.ActiveCfg = Debug|Any CPU
		{414DFFD5-4A0F-DD91-933A-D9585859A325}.Debug|Any CPU.Build.0 = Debug|Any CPU
		{414DFFD5-4A0F-DD91-933A-D9585859A325}.Release|Any CPU.ActiveCfg = Release|Any CPU
		{414DFFD5-4A0F-DD91-933A-D9585859A325}.Release|Any CPU.Build.0 = Release|Any CPU
	EndGlobalSection
	GlobalSection(SolutionProperties) = preSolution
		HideSolutionNode = FALSE
	EndGlobalSection
	GlobalSection(NestedProjects) = preSolution
		{B94E1906-2BF2-45B2-9EBB-4835EAB1829D} = {DDB4EF12-CC4E-5E88-E6FC-71A802F4DE97}
		{A0048A89-4C44-4B90-BBDD-AE03ECC4C0B4} = {D901A5FF-5690-42BE-895D-6BCE4A825BDB}
		{D901A5FF-5690-42BE-895D-6BCE4A825BDB} = {48880B47-AFAA-4790-84B1-F67AA9185B08}
		{FA673D3E-FAF3-45AF-AF0C-CF155680B447} = {90D7B944-B79C-411C-8287-3645D98846FF}
		{C7CC1CDA-8E30-4DF7-8A5F-0CFDCEFD857E} = {90D7B944-B79C-411C-8287-3645D98846FF}
		{90D7B944-B79C-411C-8287-3645D98846FF} = {48880B47-AFAA-4790-84B1-F67AA9185B08}
		{927AC185-5B38-43EE-975F-EDD14B783A7B} = {ACDE89D7-C42E-4B98-94D1-DCB4F65CE61A}
		{9B6F5C8B-23D0-466E-96BA-A9282D4A1014} = {ACDE89D7-C42E-4B98-94D1-DCB4F65CE61A}
		{A7F27181-925D-44E7-AEB3-CB49CAFEC732} = {3C182785-FDC9-4CD5-B29B-38B0A8F4850F}
		{EFC9C318-A375-4352-A057-B6A0FC9F47DE} = {D901A5FF-5690-42BE-895D-6BCE4A825BDB}
		{E2FACCC1-EF58-41C7-AC84-A9BD96EE4B0C} = {30CAA5A6-3A90-4C85-BD5D-7CC8F46DC156}
		{F84C98D8-FFED-4922-BEC7-A8489A37E046} = {30CAA5A6-3A90-4C85-BD5D-7CC8F46DC156}
		{D11B7E24-C6BE-4BCD-AA5A-071AB993A1D9} = {F84C98D8-FFED-4922-BEC7-A8489A37E046}
		{ADFE75A7-AB06-418E-A339-39FA831231E1} = {F84C98D8-FFED-4922-BEC7-A8489A37E046}
		{CB425E40-CA44-42D4-A06F-426CB4C91A79} = {F84C98D8-FFED-4922-BEC7-A8489A37E046}
		{3A95A141-AAD8-CCAB-6F75-1E63A7123829} = {7F826649-FEEF-4F16-B701-1847C8019646}
		{D41B74BB-253A-42B7-9588-71A61DBC40FF} = {7F826649-FEEF-4F16-B701-1847C8019646}
		{94DD345E-7CED-4741-C3E7-505B445CE161} = {D41B74BB-253A-42B7-9588-71A61DBC40FF}
		{69B1E6A0-ACAF-9680-A0FB-37406C59D590} = {D41B74BB-253A-42B7-9588-71A61DBC40FF}
		{A621E3A6-CF38-4DFB-9CEC-1892021CD787} = {1EDD4260-DF97-47B4-B680-998A0CC8469F}
		{0AEDD920-310C-474F-BB93-4A2B403DB660} = {C64AE217-F0AD-414A-A451-E946F219F4F5}
		{A6A40D20-D02E-41C8-89D6-6B4773CC42E1} = {0AEDD920-310C-474F-BB93-4A2B403DB660}
		{CD43BF9B-849F-4327-8726-220EF6ED338B} = {A6A40D20-D02E-41C8-89D6-6B4773CC42E1}
		{9B9856FF-D512-4F12-A56F-6D92DF65E3E3} = {0AEDD920-310C-474F-BB93-4A2B403DB660}
		{07937C91-EBA1-4115-9CA9-D7CE275AFCF1} = {0AEDD920-310C-474F-BB93-4A2B403DB660}
		{5A2FF906-F518-461D-9321-D12C8CC953CF} = {A6A40D20-D02E-41C8-89D6-6B4773CC42E1}
		{A67AFD07-2CDD-4295-8C7B-C739A3239344} = {C64AE217-F0AD-414A-A451-E946F219F4F5}
		{C1B18DEB-FBE1-4BA6-8F0B-F83A31D24D36} = {5CBC76F8-2462-4184-A64F-D6C93280A138}
		{2283BBE5-50CA-455C-90C9-47E6422684B4} = {5CBC76F8-2462-4184-A64F-D6C93280A138}
		{97E11AE1-2F8A-1765-FF76-AFC870CD2EA5} = {5CBC76F8-2462-4184-A64F-D6C93280A138}
		{5CBC76F8-2462-4184-A64F-D6C93280A138} = {C64AE217-F0AD-414A-A451-E946F219F4F5}
		{C96A0C10-75FA-A22C-CA54-9F82722BD9B6} = {5CBC76F8-2462-4184-A64F-D6C93280A138}
		{D9E37B21-0603-4885-A1BB-CDC4AAE532EB} = {C64AE217-F0AD-414A-A451-E946F219F4F5}
		{46CAD465-9F76-4CB4-A67C-44F861868E01} = {FE58A769-BFE7-4668-B9F5-42078638990B}
		{A68DDBCF-8204-44BE-88E0-E3FF7E495ED4} = {FE58A769-BFE7-4668-B9F5-42078638990B}
		{574FDB17-E47C-4952-A099-AE660C30F098} = {46CAD465-9F76-4CB4-A67C-44F861868E01}
		{412933E6-1A4E-3899-7481-B7034D872086} = {FE58A769-BFE7-4668-B9F5-42078638990B}
		{CABC9D56-5207-46D0-5C38-20C47A14E6AA} = {46CAD465-9F76-4CB4-A67C-44F861868E01}
		{D8118341-C935-4D50-8260-971A0D24333E} = {FA6830E2-1D29-4D1C-B723-AD0DA8198C70}
		{0D33AA42-AC75-41BA-9294-C49EE39D5E3D} = {D8118341-C935-4D50-8260-971A0D24333E}
		{BA3B5C5E-D6A4-39ED-6760-036CDB62E249} = {FA6830E2-1D29-4D1C-B723-AD0DA8198C70}
		{7C06D570-5236-67C0-200D-EFEA42F6ED6E} = {FA6830E2-1D29-4D1C-B723-AD0DA8198C70}
		{12676A5A-E539-4054-8AEF-1D7AC2607576} = {1EDD4260-DF97-47B4-B680-998A0CC8469F}
		{0F5BD2D2-D0F6-C8A2-92FD-29EF52202AB6} = {833F10EA-47C8-4148-AD8D-AB11BB227C80}
		{26C18496-B233-C67F-296D-DB97569CF105} = {833F10EA-47C8-4148-AD8D-AB11BB227C80}
		{9934B405-3A6C-4A76-8C6F-E365E469EB90} = {A86C5341-F4CF-4811-A62B-C2563ECDCA89}
		{1404946A-58EC-FE66-01C5-AE91EC6EB2C0} = {A86C5341-F4CF-4811-A62B-C2563ECDCA89}
		{3632286B-6BCA-907F-0643-B359700E678F} = {A86C5341-F4CF-4811-A62B-C2563ECDCA89}
		{75BAEA95-B42C-E145-44F2-4234294941EA} = {A86C5341-F4CF-4811-A62B-C2563ECDCA89}
		{0B48C449-0B35-182D-2B8C-BFE6C8DF0359} = {ACDE89D7-C42E-4B98-94D1-DCB4F65CE61A}
		{526A7E62-4E79-4F9A-B37A-FF8BCEB0DAB6} = {C8B48A3D-9648-47C4-BA88-DB86BA04B7FD}
		{A8011415-3EDE-41FF-8CC0-73FFFF7389D8} = {C8B48A3D-9648-47C4-BA88-DB86BA04B7FD}
		{05513CAB-6EE4-4C2A-BAA3-4178D5246937} = {A8011415-3EDE-41FF-8CC0-73FFFF7389D8}
		{F01C3B69-9D05-4BEF-26EB-57BAD926097B} = {A8011415-3EDE-41FF-8CC0-73FFFF7389D8}
		{414DFFD5-4A0F-DD91-933A-D9585859A325} = {A8011415-3EDE-41FF-8CC0-73FFFF7389D8}
	EndGlobalSection
	GlobalSection(ExtensibilityGlobals) = postSolution
		SolutionGuid = {8719ABA0-EEAE-4DFD-9F13-F9A24176C3CB}
	EndGlobalSection
EndGlobal
