
Microsoft Visual Studio Solution File, Format Version 12.00
# Visual Studio Version 17
VisualStudioVersion = 17.13.35825.156
MinimumVisualStudioVersion = 10.0.40219.1
Project("{2150E333-8FDC-42A3-9474-1A3956D46DE8}") = "Chapte01", "Chapte01", "{DDB4EF12-CC4E-5E88-E6FC-71A802F4DE97}"
EndProject
Project("{FAE04EC0-301F-11D3-BF4B-00C04F79EFBC}") = "ProductSample", "Chapte01\ProductSample\ProductSample.csproj", "{B94E1906-2BF2-45B2-9EBB-4835EAB1829D}"
EndProject
Project("{2150E333-8FDC-42A3-9474-1A3956D46DE8}") = "Chapter02", "Chapter02", "{48880B47-AFAA-4790-84B1-F67AA9185B08}"
EndProject
Project("{FAE04EC0-301F-11D3-BF4B-00C04F79EFBC}") = "Exercise02", "Exercise02\Exercise02.csproj", "{A0048A89-4C44-4B90-BBDD-AE03ECC4C0B4}"
EndProject
Project("{2150E333-8FDC-42A3-9474-1A3956D46DE8}") = "演習問題", "演習問題", "{D901A5FF-5690-42BE-895D-6BCE4A825BDB}"
EndProject
Project("{FAE04EC0-301F-11D3-BF4B-00C04F79EFBC}") = "DistanceConverter", "DistanceConverter\DistanceConverter.csproj", "{FA673D3E-FAF3-45AF-AF0C-CF155680B447}"
EndProject
Project("{FAE04EC0-301F-11D3-BF4B-00C04F79EFBC}") = "Distanceyard", "Distanceyard\Distanceyard.csproj", "{C7CC1CDA-8E30-4DF7-8A5F-0CFDCEFD857E}"
EndProject
Project("{2150E333-8FDC-42A3-9474-1A3956D46DE8}") = "距離換算プログラム", "距離換算プログラム", "{90D7B944-B79C-411C-8287-3645D98846FF}"
EndProject
Project("{2150E333-8FDC-42A3-9474-1A3956D46DE8}") = "FormApps", "FormApps", "{ACDE89D7-C42E-4B98-94D1-DCB4F65CE61A}"
EndProject
Project("{FAE04EC0-301F-11D3-BF4B-00C04F79EFBC}") = "UnitConverter", "FormApps\UnitConverter\UnitConverter.csproj", "{927AC185-5B38-43EE-975F-EDD14B783A7B}"
EndProject
Project("{FAE04EC0-301F-11D3-BF4B-00C04F79EFBC}") = "stopWatch", "FormApps\stopWatch\stopWatch.csproj", "{9B6F5C8B-23D0-466E-96BA-A9282D4A1014}"
EndProject
Project("{2150E333-8FDC-42A3-9474-1A3956D46DE8}") = "売上集計プログラム", "売上集計プログラム", "{3C182785-FDC9-4CD5-B29B-38B0A8F4850F}"
EndProject
Project("{FAE04EC0-301F-11D3-BF4B-00C04F79EFBC}") = "SalesCalculator", "SalesCalculator\SalesCalculator.csproj", "{A7F27181-925D-44E7-AEB3-CB49CAFEC732}"
EndProject
Project("{FAE04EC0-301F-11D3-BF4B-00C04F79EFBC}") = "Exercise01", "FormApps\オブジェクト指向プログラミングⅠ\演習問題\Exercise01\Exercise01.csproj", "{EFC9C318-A375-4352-A057-B6A0FC9F47DE}"
EndProject
Project("{2150E333-8FDC-42A3-9474-1A3956D46DE8}") = "Chapter03", "Chapter03", "{30CAA5A6-3A90-4C85-BD5D-7CC8F46DC156}"
	ProjectSection(SolutionItems) = preProject
		Chapter03\演習問題\Exercise01\Exercise01.csproj = Chapter03\演習問題\Exercise01\Exercise01.csproj
	EndProjectSection
EndProject
Project("{FAE04EC0-301F-11D3-BF4B-00C04F79EFBC}") = "Section01", "Section01\Section01.csproj", "{E2FACCC1-EF58-41C7-AC84-A9BD96EE4B0C}"
EndProject
Project("{2150E333-8FDC-42A3-9474-1A3956D46DE8}") = "演習問題", "演習問題", "{F84C98D8-FFED-4922-BEC7-A8489A37E046}"
EndProject
Project("{FAE04EC0-301F-11D3-BF4B-00C04F79EFBC}") = "Excercise2", "Excercise2\Excercise2.csproj", "{D11B7E24-C6BE-4BCD-AA5A-071AB993A1D9}"
EndProject
Project("{FAE04EC0-301F-11D3-BF4B-00C04F79EFBC}") = "section04", "section04\section04.csproj", "{ADFE75A7-AB06-418E-A339-39FA831231E1}"
EndProject
Project("{FAE04EC0-301F-11D3-BF4B-00C04F79EFBC}") = "Excercise01", "Excercise01\Excercise01.csproj", "{CB425E40-CA44-42D4-A06F-426CB4C91A79}"
EndProject
Project("{2150E333-8FDC-42A3-9474-1A3956D46DE8}") = "Chapter04", "Chapter04", "{7F826649-FEEF-4F16-B701-1847C8019646}"
EndProject
Project("{FAE04EC0-301F-11D3-BF4B-00C04F79EFBC}") = "Section04", "Chapter04\Section04\Section04.csproj", "{3A95A141-AAD8-CCAB-6F75-1E63A7123829}"
EndProject
Project("{2150E333-8FDC-42A3-9474-1A3956D46DE8}") = "演習問題", "演習問題", "{D41B74BB-253A-42B7-9588-71A61DBC40FF}"
EndProject
Project("{FAE04EC0-301F-11D3-BF4B-00C04F79EFBC}") = "Exercise01", "Chapter04\演習問題\Exercise01\Exercise01.csproj", "{94DD345E-7CED-4741-C3E7-505B445CE161}"
EndProject
Global
	GlobalSection(SolutionConfigurationPlatforms) = preSolution
		Debug|Any CPU = Debug|Any CPU
		Release|Any CPU = Release|Any CPU
	EndGlobalSection
	GlobalSection(ProjectConfigurationPlatforms) = postSolution
		{B94E1906-2BF2-45B2-9EBB-4835EAB1829D}.Debug|Any CPU.ActiveCfg = Debug|Any CPU
		{B94E1906-2BF2-45B2-9EBB-4835EAB1829D}.Debug|Any CPU.Build.0 = Debug|Any CPU
		{B94E1906-2BF2-45B2-9EBB-4835EAB1829D}.Release|Any CPU.ActiveCfg = Release|Any CPU
		{B94E1906-2BF2-45B2-9EBB-4835EAB1829D}.Release|Any CPU.Build.0 = Release|Any CPU
		{A0048A89-4C44-4B90-BBDD-AE03ECC4C0B4}.Debug|Any CPU.ActiveCfg = Debug|Any CPU
		{A0048A89-4C44-4B90-BBDD-AE03ECC4C0B4}.Debug|Any CPU.Build.0 = Debug|Any CPU
		{A0048A89-4C44-4B90-BBDD-AE03ECC4C0B4}.Release|Any CPU.ActiveCfg = Release|Any CPU
		{A0048A89-4C44-4B90-BBDD-AE03ECC4C0B4}.Release|Any CPU.Build.0 = Release|Any CPU
		{FA673D3E-FAF3-45AF-AF0C-CF155680B447}.Debug|Any CPU.ActiveCfg = Debug|Any CPU
		{FA673D3E-FAF3-45AF-AF0C-CF155680B447}.Debug|Any CPU.Build.0 = Debug|Any CPU
		{FA673D3E-FAF3-45AF-AF0C-CF155680B447}.Release|Any CPU.ActiveCfg = Release|Any CPU
		{FA673D3E-FAF3-45AF-AF0C-CF155680B447}.Release|Any CPU.Build.0 = Release|Any CPU
		{C7CC1CDA-8E30-4DF7-8A5F-0CFDCEFD857E}.Debug|Any CPU.ActiveCfg = Debug|Any CPU
		{C7CC1CDA-8E30-4DF7-8A5F-0CFDCEFD857E}.Debug|Any CPU.Build.0 = Debug|Any CPU
		{C7CC1CDA-8E30-4DF7-8A5F-0CFDCEFD857E}.Release|Any CPU.ActiveCfg = Release|Any CPU
		{C7CC1CDA-8E30-4DF7-8A5F-0CFDCEFD857E}.Release|Any CPU.Build.0 = Release|Any CPU
		{927AC185-5B38-43EE-975F-EDD14B783A7B}.Debug|Any CPU.ActiveCfg = Debug|Any CPU
		{927AC185-5B38-43EE-975F-EDD14B783A7B}.Debug|Any CPU.Build.0 = Debug|Any CPU
		{927AC185-5B38-43EE-975F-EDD14B783A7B}.Release|Any CPU.ActiveCfg = Release|Any CPU
		{927AC185-5B38-43EE-975F-EDD14B783A7B}.Release|Any CPU.Build.0 = Release|Any CPU
		{9B6F5C8B-23D0-466E-96BA-A9282D4A1014}.Debug|Any CPU.ActiveCfg = Debug|Any CPU
		{9B6F5C8B-23D0-466E-96BA-A9282D4A1014}.Debug|Any CPU.Build.0 = Debug|Any CPU
		{9B6F5C8B-23D0-466E-96BA-A9282D4A1014}.Release|Any CPU.ActiveCfg = Release|Any CPU
		{9B6F5C8B-23D0-466E-96BA-A9282D4A1014}.Release|Any CPU.Build.0 = Release|Any CPU
		{A7F27181-925D-44E7-AEB3-CB49CAFEC732}.Debug|Any CPU.ActiveCfg = Debug|Any CPU
		{A7F27181-925D-44E7-AEB3-CB49CAFEC732}.Debug|Any CPU.Build.0 = Debug|Any CPU
		{A7F27181-925D-44E7-AEB3-CB49CAFEC732}.Release|Any CPU.ActiveCfg = Release|Any CPU
		{A7F27181-925D-44E7-AEB3-CB49CAFEC732}.Release|Any CPU.Build.0 = Release|Any CPU
		{EFC9C318-A375-4352-A057-B6A0FC9F47DE}.Debug|Any CPU.ActiveCfg = Debug|Any CPU
		{EFC9C318-A375-4352-A057-B6A0FC9F47DE}.Debug|Any CPU.Build.0 = Debug|Any CPU
		{EFC9C318-A375-4352-A057-B6A0FC9F47DE}.Release|Any CPU.ActiveCfg = Release|Any CPU
		{EFC9C318-A375-4352-A057-B6A0FC9F47DE}.Release|Any CPU.Build.0 = Release|Any CPU
		{E2FACCC1-EF58-41C7-AC84-A9BD96EE4B0C}.Debug|Any CPU.ActiveCfg = Debug|Any CPU
		{E2FACCC1-EF58-41C7-AC84-A9BD96EE4B0C}.Debug|Any CPU.Build.0 = Debug|Any CPU
		{E2FACCC1-EF58-41C7-AC84-A9BD96EE4B0C}.Release|Any CPU.ActiveCfg = Release|Any CPU
		{E2FACCC1-EF58-41C7-AC84-A9BD96EE4B0C}.Release|Any CPU.Build.0 = Release|Any CPU
		{D11B7E24-C6BE-4BCD-AA5A-071AB993A1D9}.Debug|Any CPU.ActiveCfg = Debug|Any CPU
		{D11B7E24-C6BE-4BCD-AA5A-071AB993A1D9}.Debug|Any CPU.Build.0 = Debug|Any CPU
		{D11B7E24-C6BE-4BCD-AA5A-071AB993A1D9}.Release|Any CPU.ActiveCfg = Release|Any CPU
		{D11B7E24-C6BE-4BCD-AA5A-071AB993A1D9}.Release|Any CPU.Build.0 = Release|Any CPU
		{ADFE75A7-AB06-418E-A339-39FA831231E1}.Debug|Any CPU.ActiveCfg = Debug|Any CPU
		{ADFE75A7-AB06-418E-A339-39FA831231E1}.Debug|Any CPU.Build.0 = Debug|Any CPU
		{ADFE75A7-AB06-418E-A339-39FA831231E1}.Release|Any CPU.ActiveCfg = Release|Any CPU
		{ADFE75A7-AB06-418E-A339-39FA831231E1}.Release|Any CPU.Build.0 = Release|Any CPU
		{CB425E40-CA44-42D4-A06F-426CB4C91A79}.Debug|Any CPU.ActiveCfg = Debug|Any CPU
		{CB425E40-CA44-42D4-A06F-426CB4C91A79}.Debug|Any CPU.Build.0 = Debug|Any CPU
		{CB425E40-CA44-42D4-A06F-426CB4C91A79}.Release|Any CPU.ActiveCfg = Release|Any CPU
		{CB425E40-CA44-42D4-A06F-426CB4C91A79}.Release|Any CPU.Build.0 = Release|Any CPU
		{3A95A141-AAD8-CCAB-6F75-1E63A7123829}.Debug|Any CPU.ActiveCfg = Debug|Any CPU
		{3A95A141-AAD8-CCAB-6F75-1E63A7123829}.Debug|Any CPU.Build.0 = Debug|Any CPU
		{3A95A141-AAD8-CCAB-6F75-1E63A7123829}.Release|Any CPU.ActiveCfg = Release|Any CPU
		{3A95A141-AAD8-CCAB-6F75-1E63A7123829}.Release|Any CPU.Build.0 = Release|Any CPU
		{94DD345E-7CED-4741-C3E7-505B445CE161}.Debug|Any CPU.ActiveCfg = Debug|Any CPU
		{94DD345E-7CED-4741-C3E7-505B445CE161}.Debug|Any CPU.Build.0 = Debug|Any CPU
		{94DD345E-7CED-4741-C3E7-505B445CE161}.Release|Any CPU.ActiveCfg = Release|Any CPU
		{94DD345E-7CED-4741-C3E7-505B445CE161}.Release|Any CPU.Build.0 = Release|Any CPU
	EndGlobalSection
	GlobalSection(SolutionProperties) = preSolution
		HideSolutionNode = FALSE
	EndGlobalSection
	GlobalSection(NestedProjects) = preSolution
		{B94E1906-2BF2-45B2-9EBB-4835EAB1829D} = {DDB4EF12-CC4E-5E88-E6FC-71A802F4DE97}
		{A0048A89-4C44-4B90-BBDD-AE03ECC4C0B4} = {D901A5FF-5690-42BE-895D-6BCE4A825BDB}
		{D901A5FF-5690-42BE-895D-6BCE4A825BDB} = {48880B47-AFAA-4790-84B1-F67AA9185B08}
		{FA673D3E-FAF3-45AF-AF0C-CF155680B447} = {90D7B944-B79C-411C-8287-3645D98846FF}
		{C7CC1CDA-8E30-4DF7-8A5F-0CFDCEFD857E} = {90D7B944-B79C-411C-8287-3645D98846FF}
		{90D7B944-B79C-411C-8287-3645D98846FF} = {48880B47-AFAA-4790-84B1-F67AA9185B08}
		{927AC185-5B38-43EE-975F-EDD14B783A7B} = {ACDE89D7-C42E-4B98-94D1-DCB4F65CE61A}
		{9B6F5C8B-23D0-466E-96BA-A9282D4A1014} = {ACDE89D7-C42E-4B98-94D1-DCB4F65CE61A}
		{A7F27181-925D-44E7-AEB3-CB49CAFEC732} = {3C182785-FDC9-4CD5-B29B-38B0A8F4850F}
		{EFC9C318-A375-4352-A057-B6A0FC9F47DE} = {D901A5FF-5690-42BE-895D-6BCE4A825BDB}
		{E2FACCC1-EF58-41C7-AC84-A9BD96EE4B0C} = {30CAA5A6-3A90-4C85-BD5D-7CC8F46DC156}
		{F84C98D8-FFED-4922-BEC7-A8489A37E046} = {30CAA5A6-3A90-4C85-BD5D-7CC8F46DC156}
		{D11B7E24-C6BE-4BCD-AA5A-071AB993A1D9} = {F84C98D8-FFED-4922-BEC7-A8489A37E046}
		{ADFE75A7-AB06-418E-A339-39FA831231E1} = {F84C98D8-FFED-4922-BEC7-A8489A37E046}
		{CB425E40-CA44-42D4-A06F-426CB4C91A79} = {F84C98D8-FFED-4922-BEC7-A8489A37E046}
		{3A95A141-AAD8-CCAB-6F75-1E63A7123829} = {7F826649-FEEF-4F16-B701-1847C8019646}
		{D41B74BB-253A-42B7-9588-71A61DBC40FF} = {7F826649-FEEF-4F16-B701-1847C8019646}
		{94DD345E-7CED-4741-C3E7-505B445CE161} = {D41B74BB-253A-42B7-9588-71A61DBC40FF}
	EndGlobalSection
	GlobalSection(ExtensibilityGlobals) = postSolution
		SolutionGuid = {8719ABA0-EEAE-4DFD-9F13-F9A24176C3CB}
	EndGlobalSection
EndGlobal
